
Microsoft Visual Studio Solution File, Format Version 12.00
# Visual Studio 15
VisualStudioVersion = 15.0.26403.3
MinimumVisualStudioVersion = 10.0.40219.1
Project("{FAE04EC0-301F-11D3-BF4B-00C04F79EFBC}") = "01.00 Money", "01.00 Money\01.00 Money.csproj", "{787375D2-5461-4AF8-B6E1-6E085F4FE368}"
EndProject
Project("{FAE04EC0-301F-11D3-BF4B-00C04F79EFBC}") = "02.00 Harvest", "02.00 Harvest\02.00 Harvest.csproj", "{94F79B6B-956D-46E1-8E05-AE27440307BE}"
EndProject
Project("{FAE04EC0-301F-11D3-BF4B-00C04F79EFBC}") = "03.00 Match Tickets", "03.00 Match Tickets\03.00 Match Tickets.csproj", "{72959E58-6227-4612-BF65-3CC8D13BE3BE}"
EndProject
Project("{FAE04EC0-301F-11D3-BF4B-00C04F79EFBC}") = "04.00 Back To The Past", "04.00 Back To The Past\04.00 Back To The Past.csproj", "{4E775AF8-C8B8-4721-8D96-54DE70E9BBFC}"
EndProject
Project("{FAE04EC0-301F-11D3-BF4B-00C04F79EFBC}") = "05.00 Diamond", "05.00 Diamond\05.00 Diamond.csproj", "{6B0E056E-A911-4E73-B20C-2D27DA6B0072}"
EndProject
Project("{FAE04EC0-301F-11D3-BF4B-00C04F79EFBC}") = "06.00 Stop Number", "06.00 Stop Number\06.00 Stop Number.csproj", "{213506B1-2A23-4A0E-BB9E-A1BF682F241E}"
EndProject
Project("{FAE04EC0-301F-11D3-BF4B-00C04F79EFBC}") = "04.01 Back To The Past", "04.01 Back To The Past\04.01 Back To The Past.csproj", "{EC4587D5-A9CE-4E3C-87E0-815B727FDC39}"
EndProject
Project("{FAE04EC0-301F-11D3-BF4B-00C04F79EFBC}") = "04.02 Back To The Past", "04.02 Back To The Past\04.02 Back To The Past.csproj", "{FC70EC9F-00E2-40AF-828A-374A53380E7A}"
EndProject
Project("{FAE04EC0-301F-11D3-BF4B-00C04F79EFBC}") = "04.03 Back To The Past", "04.03 Back To The Past\04.03 Back To The Past.csproj", "{5D4CF529-6A21-458C-8167-ABAB031A1867}"
EndProject
Project("{FAE04EC0-301F-11D3-BF4B-00C04F79EFBC}") = "03.01 Match Tickets", "03.01 Match Tickets\03.01 Match Tickets.csproj", "{3CFDF102-48D0-4DD2-9FB1-4B5774DC0106}"
EndProject
Project("{FAE04EC0-301F-11D3-BF4B-00C04F79EFBC}") = "03.02 Match Tickets", "03.02 Match Tickets\03.02 Match Tickets.csproj", "{EEA521BF-FE23-4A91-A88B-6C2FECFD0DBE}"
EndProject
Global
	GlobalSection(SolutionConfigurationPlatforms) = preSolution
		Debug|Any CPU = Debug|Any CPU
		Release|Any CPU = Release|Any CPU
	EndGlobalSection
	GlobalSection(ProjectConfigurationPlatforms) = postSolution
		{787375D2-5461-4AF8-B6E1-6E085F4FE368}.Debug|Any CPU.ActiveCfg = Debug|Any CPU
		{787375D2-5461-4AF8-B6E1-6E085F4FE368}.Debug|Any CPU.Build.0 = Debug|Any CPU
		{787375D2-5461-4AF8-B6E1-6E085F4FE368}.Release|Any CPU.ActiveCfg = Release|Any CPU
		{787375D2-5461-4AF8-B6E1-6E085F4FE368}.Release|Any CPU.Build.0 = Release|Any CPU
		{94F79B6B-956D-46E1-8E05-AE27440307BE}.Debug|Any CPU.ActiveCfg = Debug|Any CPU
		{94F79B6B-956D-46E1-8E05-AE27440307BE}.Debug|Any CPU.Build.0 = Debug|Any CPU
		{94F79B6B-956D-46E1-8E05-AE27440307BE}.Release|Any CPU.ActiveCfg = Release|Any CPU
		{94F79B6B-956D-46E1-8E05-AE27440307BE}.Release|Any CPU.Build.0 = Release|Any CPU
		{72959E58-6227-4612-BF65-3CC8D13BE3BE}.Debug|Any CPU.ActiveCfg = Debug|Any CPU
		{72959E58-6227-4612-BF65-3CC8D13BE3BE}.Debug|Any CPU.Build.0 = Debug|Any CPU
		{72959E58-6227-4612-BF65-3CC8D13BE3BE}.Release|Any CPU.ActiveCfg = Release|Any CPU
		{72959E58-6227-4612-BF65-3CC8D13BE3BE}.Release|Any CPU.Build.0 = Release|Any CPU
		{4E775AF8-C8B8-4721-8D96-54DE70E9BBFC}.Debug|Any CPU.ActiveCfg = Debug|Any CPU
		{4E775AF8-C8B8-4721-8D96-54DE70E9BBFC}.Debug|Any CPU.Build.0 = Debug|Any CPU
		{4E775AF8-C8B8-4721-8D96-54DE70E9BBFC}.Release|Any CPU.ActiveCfg = Release|Any CPU
		{4E775AF8-C8B8-4721-8D96-54DE70E9BBFC}.Release|Any CPU.Build.0 = Release|Any CPU
		{6B0E056E-A911-4E73-B20C-2D27DA6B0072}.Debug|Any CPU.ActiveCfg = Debug|Any CPU
		{6B0E056E-A911-4E73-B20C-2D27DA6B0072}.Debug|Any CPU.Build.0 = Debug|Any CPU
		{6B0E056E-A911-4E73-B20C-2D27DA6B0072}.Release|Any CPU.ActiveCfg = Release|Any CPU
		{6B0E056E-A911-4E73-B20C-2D27DA6B0072}.Release|Any CPU.Build.0 = Release|Any CPU
		{213506B1-2A23-4A0E-BB9E-A1BF682F241E}.Debug|Any CPU.ActiveCfg = Debug|Any CPU
		{213506B1-2A23-4A0E-BB9E-A1BF682F241E}.Debug|Any CPU.Build.0 = Debug|Any CPU
		{213506B1-2A23-4A0E-BB9E-A1BF682F241E}.Release|Any CPU.ActiveCfg = Release|Any CPU
		{213506B1-2A23-4A0E-BB9E-A1BF682F241E}.Release|Any CPU.Build.0 = Release|Any CPU
		{EC4587D5-A9CE-4E3C-87E0-815B727FDC39}.Debug|Any CPU.ActiveCfg = Debug|Any CPU
		{EC4587D5-A9CE-4E3C-87E0-815B727FDC39}.Debug|Any CPU.Build.0 = Debug|Any CPU
		{EC4587D5-A9CE-4E3C-87E0-815B727FDC39}.Release|Any CPU.ActiveCfg = Release|Any CPU
		{EC4587D5-A9CE-4E3C-87E0-815B727FDC39}.Release|Any CPU.Build.0 = Release|Any CPU
		{FC70EC9F-00E2-40AF-828A-374A53380E7A}.Debug|Any CPU.ActiveCfg = Debug|Any CPU
		{FC70EC9F-00E2-40AF-828A-374A53380E7A}.Debug|Any CPU.Build.0 = Debug|Any CPU
		{FC70EC9F-00E2-40AF-828A-374A53380E7A}.Release|Any CPU.ActiveCfg = Release|Any CPU
		{FC70EC9F-00E2-40AF-828A-374A53380E7A}.Release|Any CPU.Build.0 = Release|Any CPU
		{5D4CF529-6A21-458C-8167-ABAB031A1867}.Debug|Any CPU.ActiveCfg = Debug|Any CPU
		{5D4CF529-6A21-458C-8167-ABAB031A1867}.Debug|Any CPU.Build.0 = Debug|Any CPU
		{5D4CF529-6A21-458C-8167-ABAB031A1867}.Release|Any CPU.ActiveCfg = Release|Any CPU
		{5D4CF529-6A21-458C-8167-ABAB031A1867}.Release|Any CPU.Build.0 = Release|Any CPU
		{3CFDF102-48D0-4DD2-9FB1-4B5774DC0106}.Debug|Any CPU.ActiveCfg = Debug|Any CPU
		{3CFDF102-48D0-4DD2-9FB1-4B5774DC0106}.Debug|Any CPU.Build.0 = Debug|Any CPU
		{3CFDF102-48D0-4DD2-9FB1-4B5774DC0106}.Release|Any CPU.ActiveCfg = Release|Any CPU
		{3CFDF102-48D0-4DD2-9FB1-4B5774DC0106}.Release|Any CPU.Build.0 = Release|Any CPU
		{EEA521BF-FE23-4A91-A88B-6C2FECFD0DBE}.Debug|Any CPU.ActiveCfg = Debug|Any CPU
		{EEA521BF-FE23-4A91-A88B-6C2FECFD0DBE}.Debug|Any CPU.Build.0 = Debug|Any CPU
		{EEA521BF-FE23-4A91-A88B-6C2FECFD0DBE}.Release|Any CPU.ActiveCfg = Release|Any CPU
		{EEA521BF-FE23-4A91-A88B-6C2FECFD0DBE}.Release|Any CPU.Build.0 = Release|Any CPU
	EndGlobalSection
	GlobalSection(SolutionProperties) = preSolution
		HideSolutionNode = FALSE
	EndGlobalSection
EndGlobal
