
Microsoft Visual Studio Solution File, Format Version 12.00
# Visual Studio 14
VisualStudioVersion = 14.0.24720.0
MinimumVisualStudioVersion = 10.0.40219.1
Project("{FAE04EC0-301F-11D3-BF4B-00C04F79EFBC}") = "01.00 Поправка на плочки", "34.Coding 101 Exam - 24 April 2016\01.00 Поправка на плочки.csproj", "{A947139A-465C-45F0-8035-8B6FD6131FA7}"
EndProject
Project("{FAE04EC0-301F-11D3-BF4B-00C04F79EFBC}") = "02.00  Поспаливата котка Том", "02.00  Поспаливата котка Том\02.00  Поспаливата котка Том.csproj", "{C25AFE0F-1F53-486B-8B9D-CE43ED36671E}"
EndProject
Project("{FAE04EC0-301F-11D3-BF4B-00C04F79EFBC}") = "03.00 Операции между числа", "03.00 Операции между числа\03.00 Операции между числа.csproj", "{9940E00D-36F0-4CA8-9A3F-566C475631EE}"
EndProject
Project("{FAE04EC0-301F-11D3-BF4B-00C04F79EFBC}") = "04.00 Умната Лили", "04.00 Умната Лили\04.00 Умната Лили.csproj", "{974A949F-45C4-4971-804D-EF6F7B949489}"
EndProject
Project("{FAE04EC0-301F-11D3-BF4B-00C04F79EFBC}") = "04.01 Умната Лили", "04.01 Умната Лили\04.01 Умната Лили.csproj", "{AE453FB4-3963-429D-95C6-832311716C58}"
EndProject
Project("{FAE04EC0-301F-11D3-BF4B-00C04F79EFBC}") = "05.00 Стоп", "05.00 Стоп\05.00 Стоп.csproj", "{F1CACB05-2DC4-4AE6-ABEF-CDAA75617242}"
EndProject
Project("{FAE04EC0-301F-11D3-BF4B-00C04F79EFBC}") = "06.00 Специални числа", "06.00 Специални числа\06.00 Специални числа.csproj", "{F17466AF-42C2-4E3E-98D1-9EDD53DEEE12}"
EndProject
Global
	GlobalSection(SolutionConfigurationPlatforms) = preSolution
		Debug|Any CPU = Debug|Any CPU
		Release|Any CPU = Release|Any CPU
	EndGlobalSection
	GlobalSection(ProjectConfigurationPlatforms) = postSolution
		{A947139A-465C-45F0-8035-8B6FD6131FA7}.Debug|Any CPU.ActiveCfg = Debug|Any CPU
		{A947139A-465C-45F0-8035-8B6FD6131FA7}.Debug|Any CPU.Build.0 = Debug|Any CPU
		{A947139A-465C-45F0-8035-8B6FD6131FA7}.Release|Any CPU.ActiveCfg = Release|Any CPU
		{A947139A-465C-45F0-8035-8B6FD6131FA7}.Release|Any CPU.Build.0 = Release|Any CPU
		{C25AFE0F-1F53-486B-8B9D-CE43ED36671E}.Debug|Any CPU.ActiveCfg = Debug|Any CPU
		{C25AFE0F-1F53-486B-8B9D-CE43ED36671E}.Debug|Any CPU.Build.0 = Debug|Any CPU
		{C25AFE0F-1F53-486B-8B9D-CE43ED36671E}.Release|Any CPU.ActiveCfg = Release|Any CPU
		{C25AFE0F-1F53-486B-8B9D-CE43ED36671E}.Release|Any CPU.Build.0 = Release|Any CPU
		{9940E00D-36F0-4CA8-9A3F-566C475631EE}.Debug|Any CPU.ActiveCfg = Debug|Any CPU
		{9940E00D-36F0-4CA8-9A3F-566C475631EE}.Debug|Any CPU.Build.0 = Debug|Any CPU
		{9940E00D-36F0-4CA8-9A3F-566C475631EE}.Release|Any CPU.ActiveCfg = Release|Any CPU
		{9940E00D-36F0-4CA8-9A3F-566C475631EE}.Release|Any CPU.Build.0 = Release|Any CPU
		{974A949F-45C4-4971-804D-EF6F7B949489}.Debug|Any CPU.ActiveCfg = Debug|Any CPU
		{974A949F-45C4-4971-804D-EF6F7B949489}.Debug|Any CPU.Build.0 = Debug|Any CPU
		{974A949F-45C4-4971-804D-EF6F7B949489}.Release|Any CPU.ActiveCfg = Release|Any CPU
		{974A949F-45C4-4971-804D-EF6F7B949489}.Release|Any CPU.Build.0 = Release|Any CPU
		{AE453FB4-3963-429D-95C6-832311716C58}.Debug|Any CPU.ActiveCfg = Debug|Any CPU
		{AE453FB4-3963-429D-95C6-832311716C58}.Debug|Any CPU.Build.0 = Debug|Any CPU
		{AE453FB4-3963-429D-95C6-832311716C58}.Release|Any CPU.ActiveCfg = Release|Any CPU
		{AE453FB4-3963-429D-95C6-832311716C58}.Release|Any CPU.Build.0 = Release|Any CPU
		{F1CACB05-2DC4-4AE6-ABEF-CDAA75617242}.Debug|Any CPU.ActiveCfg = Debug|Any CPU
		{F1CACB05-2DC4-4AE6-ABEF-CDAA75617242}.Debug|Any CPU.Build.0 = Debug|Any CPU
		{F1CACB05-2DC4-4AE6-ABEF-CDAA75617242}.Release|Any CPU.ActiveCfg = Release|Any CPU
		{F1CACB05-2DC4-4AE6-ABEF-CDAA75617242}.Release|Any CPU.Build.0 = Release|Any CPU
		{F17466AF-42C2-4E3E-98D1-9EDD53DEEE12}.Debug|Any CPU.ActiveCfg = Debug|Any CPU
		{F17466AF-42C2-4E3E-98D1-9EDD53DEEE12}.Debug|Any CPU.Build.0 = Debug|Any CPU
		{F17466AF-42C2-4E3E-98D1-9EDD53DEEE12}.Release|Any CPU.ActiveCfg = Release|Any CPU
		{F17466AF-42C2-4E3E-98D1-9EDD53DEEE12}.Release|Any CPU.Build.0 = Release|Any CPU
	EndGlobalSection
	GlobalSection(SolutionProperties) = preSolution
		HideSolutionNode = FALSE
	EndGlobalSection
EndGlobal
