
Microsoft Visual Studio Solution File, Format Version 12.00
# Visual Studio 14
VisualStudioVersion = 14.0.24720.0
MinimumVisualStudioVersion = 10.0.40219.1
Project("{FAE04EC0-301F-11D3-BF4B-00C04F79EFBC}") = "01.00 Torrent Pirate", "01. Torrent Pirate\01.00 Torrent Pirate.csproj", "{1FB81710-5463-4653-9FE9-1A718E975EB5}"
EndProject
Project("{FAE04EC0-301F-11D3-BF4B-00C04F79EFBC}") = "02.00  Basket Battle", "02.000  Basket Battle\02.00  Basket Battle.csproj", "{C9ACD49B-8591-4DAA-A83C-A1277B57D804}"
EndProject
Project("{FAE04EC0-301F-11D3-BF4B-00C04F79EFBC}") = "02.01  Basket Battle", "02.01  Basket Battle\02.01  Basket Battle.csproj", "{4A1CB44A-01E9-4D44-8599-849A6D58EB2C}"
EndProject
Project("{FAE04EC0-301F-11D3-BF4B-00C04F79EFBC}") = "02.02  Basket Battle", "02.02  Basket Battle\02.02  Basket Battle.csproj", "{FD83C13D-FC57-4916-AF67-DCD265479413}"
EndProject
Project("{FAE04EC0-301F-11D3-BF4B-00C04F79EFBC}") = "03.01 Dumbell", "03.01 Dumbbell\03.01 Dumbell.csproj", "{1F3CCB3C-80CD-49AF-BA52-F7F5137A8EB9}"
EndProject
Project("{FAE04EC0-301F-11D3-BF4B-00C04F79EFBC}") = "01.01 Torrent Pirate", "01.01 Torrent Pirate\01.01 Torrent Pirate.csproj", "{4F27D062-E1A2-420A-B3DE-E84211255B6B}"
EndProject
Project("{FAE04EC0-301F-11D3-BF4B-00C04F79EFBC}") = "04.01 Encrypted Matrix", "04.01 Encrypted Matrix\04.01 Encrypted Matrix.csproj", "{FA142B87-421E-403A-8F4E-77B23FBC5646}"
EndProject
Project("{FAE04EC0-301F-11D3-BF4B-00C04F79EFBC}") = "04.02  Encrypted Matrix", "04.02  Encrypted Matrix\04.02  Encrypted Matrix.csproj", "{B9C9B7BB-5032-43DD-BC9A-2B6EECE7CF57}"
EndProject
Project("{FAE04EC0-301F-11D3-BF4B-00C04F79EFBC}") = "05.01 Game of Bits", "05.01 Game of Bits\05.01 Game of Bits.csproj", "{41FD5AC5-B75A-4CD0-8137-3E14ED5332A5}"
EndProject
Project("{FAE04EC0-301F-11D3-BF4B-00C04F79EFBC}") = "03.02 Dumbell", "03.02 Dumbell\03.02 Dumbell.csproj", "{E2FD60BD-7A1A-46F9-8566-7C8086E06F03}"
EndProject
Project("{FAE04EC0-301F-11D3-BF4B-00C04F79EFBC}") = "05.02 Game of Bits", "05.02 Game of Bits\05.02 Game of Bits.csproj", "{0A7247BC-74B0-4B63-B13F-2C835EC03A30}"
EndProject
Project("{FAE04EC0-301F-11D3-BF4B-00C04F79EFBC}") = "04.03  Encrypted Matrix", "04.03  Encrypted Matrix\04.03  Encrypted Matrix.csproj", "{1C611454-79E1-4305-AB6D-1EE080244FB5}"
EndProject
Global
	GlobalSection(SolutionConfigurationPlatforms) = preSolution
		Debug|Any CPU = Debug|Any CPU
		Release|Any CPU = Release|Any CPU
	EndGlobalSection
	GlobalSection(ProjectConfigurationPlatforms) = postSolution
		{1FB81710-5463-4653-9FE9-1A718E975EB5}.Debug|Any CPU.ActiveCfg = Debug|Any CPU
		{1FB81710-5463-4653-9FE9-1A718E975EB5}.Debug|Any CPU.Build.0 = Debug|Any CPU
		{1FB81710-5463-4653-9FE9-1A718E975EB5}.Release|Any CPU.ActiveCfg = Release|Any CPU
		{1FB81710-5463-4653-9FE9-1A718E975EB5}.Release|Any CPU.Build.0 = Release|Any CPU
		{C9ACD49B-8591-4DAA-A83C-A1277B57D804}.Debug|Any CPU.ActiveCfg = Debug|Any CPU
		{C9ACD49B-8591-4DAA-A83C-A1277B57D804}.Debug|Any CPU.Build.0 = Debug|Any CPU
		{C9ACD49B-8591-4DAA-A83C-A1277B57D804}.Release|Any CPU.ActiveCfg = Release|Any CPU
		{C9ACD49B-8591-4DAA-A83C-A1277B57D804}.Release|Any CPU.Build.0 = Release|Any CPU
		{4A1CB44A-01E9-4D44-8599-849A6D58EB2C}.Debug|Any CPU.ActiveCfg = Debug|Any CPU
		{4A1CB44A-01E9-4D44-8599-849A6D58EB2C}.Debug|Any CPU.Build.0 = Debug|Any CPU
		{4A1CB44A-01E9-4D44-8599-849A6D58EB2C}.Release|Any CPU.ActiveCfg = Release|Any CPU
		{4A1CB44A-01E9-4D44-8599-849A6D58EB2C}.Release|Any CPU.Build.0 = Release|Any CPU
		{FD83C13D-FC57-4916-AF67-DCD265479413}.Debug|Any CPU.ActiveCfg = Debug|Any CPU
		{FD83C13D-FC57-4916-AF67-DCD265479413}.Debug|Any CPU.Build.0 = Debug|Any CPU
		{FD83C13D-FC57-4916-AF67-DCD265479413}.Release|Any CPU.ActiveCfg = Release|Any CPU
		{FD83C13D-FC57-4916-AF67-DCD265479413}.Release|Any CPU.Build.0 = Release|Any CPU
		{1F3CCB3C-80CD-49AF-BA52-F7F5137A8EB9}.Debug|Any CPU.ActiveCfg = Debug|Any CPU
		{1F3CCB3C-80CD-49AF-BA52-F7F5137A8EB9}.Debug|Any CPU.Build.0 = Debug|Any CPU
		{1F3CCB3C-80CD-49AF-BA52-F7F5137A8EB9}.Release|Any CPU.ActiveCfg = Release|Any CPU
		{1F3CCB3C-80CD-49AF-BA52-F7F5137A8EB9}.Release|Any CPU.Build.0 = Release|Any CPU
		{4F27D062-E1A2-420A-B3DE-E84211255B6B}.Debug|Any CPU.ActiveCfg = Debug|Any CPU
		{4F27D062-E1A2-420A-B3DE-E84211255B6B}.Debug|Any CPU.Build.0 = Debug|Any CPU
		{4F27D062-E1A2-420A-B3DE-E84211255B6B}.Release|Any CPU.ActiveCfg = Release|Any CPU
		{4F27D062-E1A2-420A-B3DE-E84211255B6B}.Release|Any CPU.Build.0 = Release|Any CPU
		{FA142B87-421E-403A-8F4E-77B23FBC5646}.Debug|Any CPU.ActiveCfg = Debug|Any CPU
		{FA142B87-421E-403A-8F4E-77B23FBC5646}.Debug|Any CPU.Build.0 = Debug|Any CPU
		{FA142B87-421E-403A-8F4E-77B23FBC5646}.Release|Any CPU.ActiveCfg = Release|Any CPU
		{FA142B87-421E-403A-8F4E-77B23FBC5646}.Release|Any CPU.Build.0 = Release|Any CPU
		{B9C9B7BB-5032-43DD-BC9A-2B6EECE7CF57}.Debug|Any CPU.ActiveCfg = Debug|Any CPU
		{B9C9B7BB-5032-43DD-BC9A-2B6EECE7CF57}.Debug|Any CPU.Build.0 = Debug|Any CPU
		{B9C9B7BB-5032-43DD-BC9A-2B6EECE7CF57}.Release|Any CPU.ActiveCfg = Release|Any CPU
		{B9C9B7BB-5032-43DD-BC9A-2B6EECE7CF57}.Release|Any CPU.Build.0 = Release|Any CPU
		{41FD5AC5-B75A-4CD0-8137-3E14ED5332A5}.Debug|Any CPU.ActiveCfg = Debug|Any CPU
		{41FD5AC5-B75A-4CD0-8137-3E14ED5332A5}.Debug|Any CPU.Build.0 = Debug|Any CPU
		{41FD5AC5-B75A-4CD0-8137-3E14ED5332A5}.Release|Any CPU.ActiveCfg = Release|Any CPU
		{41FD5AC5-B75A-4CD0-8137-3E14ED5332A5}.Release|Any CPU.Build.0 = Release|Any CPU
		{E2FD60BD-7A1A-46F9-8566-7C8086E06F03}.Debug|Any CPU.ActiveCfg = Debug|Any CPU
		{E2FD60BD-7A1A-46F9-8566-7C8086E06F03}.Debug|Any CPU.Build.0 = Debug|Any CPU
		{E2FD60BD-7A1A-46F9-8566-7C8086E06F03}.Release|Any CPU.ActiveCfg = Release|Any CPU
		{E2FD60BD-7A1A-46F9-8566-7C8086E06F03}.Release|Any CPU.Build.0 = Release|Any CPU
		{0A7247BC-74B0-4B63-B13F-2C835EC03A30}.Debug|Any CPU.ActiveCfg = Debug|Any CPU
		{0A7247BC-74B0-4B63-B13F-2C835EC03A30}.Debug|Any CPU.Build.0 = Debug|Any CPU
		{0A7247BC-74B0-4B63-B13F-2C835EC03A30}.Release|Any CPU.ActiveCfg = Release|Any CPU
		{0A7247BC-74B0-4B63-B13F-2C835EC03A30}.Release|Any CPU.Build.0 = Release|Any CPU
		{1C611454-79E1-4305-AB6D-1EE080244FB5}.Debug|Any CPU.ActiveCfg = Debug|Any CPU
		{1C611454-79E1-4305-AB6D-1EE080244FB5}.Debug|Any CPU.Build.0 = Debug|Any CPU
		{1C611454-79E1-4305-AB6D-1EE080244FB5}.Release|Any CPU.ActiveCfg = Release|Any CPU
		{1C611454-79E1-4305-AB6D-1EE080244FB5}.Release|Any CPU.Build.0 = Release|Any CPU
	EndGlobalSection
	GlobalSection(SolutionProperties) = preSolution
		HideSolutionNode = FALSE
	EndGlobalSection
EndGlobal
