
Microsoft Visual Studio Solution File, Format Version 12.00
# Visual Studio 14
VisualStudioVersion = 14.0.24720.0
MinimumVisualStudioVersion = 10.0.40219.1
Project("{FAE04EC0-301F-11D3-BF4B-00C04F79EFBC}") = "01. Melons and Watermelons", "01. Melons and Watermelons\01. Melons and Watermelons.csproj", "{47225288-992A-4916-B61C-0BB7FF378337}"
EndProject
Project("{FAE04EC0-301F-11D3-BF4B-00C04F79EFBC}") = "01.00 Water", "01.00 Water\01.00 Water.csproj", "{9BDF9603-5ACB-494B-8610-062DE76A0680}"
EndProject
Project("{FAE04EC0-301F-11D3-BF4B-00C04F79EFBC}") = "02. Letters, Symbols, Numbers", "02. Letters, Symbols, Numbers\02. Letters, Symbols, Numbers.csproj", "{7E0422C7-7B5E-4289-AB26-FB712F135B11}"
EndProject
Global
	GlobalSection(SolutionConfigurationPlatforms) = preSolution
		Debug|Any CPU = Debug|Any CPU
		Release|Any CPU = Release|Any CPU
	EndGlobalSection
	GlobalSection(ProjectConfigurationPlatforms) = postSolution
		{47225288-992A-4916-B61C-0BB7FF378337}.Debug|Any CPU.ActiveCfg = Debug|Any CPU
		{47225288-992A-4916-B61C-0BB7FF378337}.Debug|Any CPU.Build.0 = Debug|Any CPU
		{47225288-992A-4916-B61C-0BB7FF378337}.Release|Any CPU.ActiveCfg = Release|Any CPU
		{47225288-992A-4916-B61C-0BB7FF378337}.Release|Any CPU.Build.0 = Release|Any CPU
		{9BDF9603-5ACB-494B-8610-062DE76A0680}.Debug|Any CPU.ActiveCfg = Debug|Any CPU
		{9BDF9603-5ACB-494B-8610-062DE76A0680}.Debug|Any CPU.Build.0 = Debug|Any CPU
		{9BDF9603-5ACB-494B-8610-062DE76A0680}.Release|Any CPU.ActiveCfg = Release|Any CPU
		{9BDF9603-5ACB-494B-8610-062DE76A0680}.Release|Any CPU.Build.0 = Release|Any CPU
		{7E0422C7-7B5E-4289-AB26-FB712F135B11}.Debug|Any CPU.ActiveCfg = Debug|Any CPU
		{7E0422C7-7B5E-4289-AB26-FB712F135B11}.Debug|Any CPU.Build.0 = Debug|Any CPU
		{7E0422C7-7B5E-4289-AB26-FB712F135B11}.Release|Any CPU.ActiveCfg = Release|Any CPU
		{7E0422C7-7B5E-4289-AB26-FB712F135B11}.Release|Any CPU.Build.0 = Release|Any CPU
	EndGlobalSection
	GlobalSection(SolutionProperties) = preSolution
		HideSolutionNode = FALSE
	EndGlobalSection
EndGlobal
