
Microsoft Visual Studio Solution File, Format Version 12.00
# Visual Studio 14
VisualStudioVersion = 14.0.24720.0
MinimumVisualStudioVersion = 10.0.40219.1
Project("{FAE04EC0-301F-11D3-BF4B-00C04F79EFBC}") = "01. Four Factors", "01. Four Factors\01. Four Factors.csproj", "{AA98F428-AF23-4A3B-BD10-00FDF3637116}"
EndProject
Project("{FAE04EC0-301F-11D3-BF4B-00C04F79EFBC}") = "02.00 Detective Boev", "02. Detective Boev\02.00 Detective Boev.csproj", "{A02C5344-CF02-46CC-8F0D-5ECFDB7FDC48}"
EndProject
Project("{FAE04EC0-301F-11D3-BF4B-00C04F79EFBC}") = "02.02 Detective Boev", "02.02 Detective Boev\02.02 Detective Boev.csproj", "{BBFE352D-20C5-4CDF-91D4-AE8B6058409E}"
EndProject
Project("{FAE04EC0-301F-11D3-BF4B-00C04F79EFBC}") = "02.01 Detective Boev", "02.01 Detective Boev\02.01 Detective Boev.csproj", "{EAFA3185-23A5-4D35-B8EB-7AD85095E911}"
EndProject
Project("{FAE04EC0-301F-11D3-BF4B-00C04F79EFBC}") = "03. Summertime", "03. Summertime\03. Summertime.csproj", "{B90A069D-E1FE-42CD-9D70-B6F708482AF4}"
EndProject
Project("{FAE04EC0-301F-11D3-BF4B-00C04F79EFBC}") = "04.00 Light the Torches", "04. Light the Torches\04.00 Light the Torches.csproj", "{D4183ADB-D263-4191-9E6B-C4465FA43419}"
EndProject
Project("{FAE04EC0-301F-11D3-BF4B-00C04F79EFBC}") = "04.01 Light the Torches", "04.01\04.01 Light the Torches.csproj", "{9D0B110B-4041-4C33-8D74-1942144C27CD}"
EndProject
Project("{FAE04EC0-301F-11D3-BF4B-00C04F79EFBC}") = "04.02 Light the Torches", "04.03 Light the Torches\04.02 Light the Torches.csproj", "{0146BD3C-3E82-4F38-85B7-FD0B4290C939}"
EndProject
Global
	GlobalSection(SolutionConfigurationPlatforms) = preSolution
		Debug|Any CPU = Debug|Any CPU
		Release|Any CPU = Release|Any CPU
	EndGlobalSection
	GlobalSection(ProjectConfigurationPlatforms) = postSolution
		{AA98F428-AF23-4A3B-BD10-00FDF3637116}.Debug|Any CPU.ActiveCfg = Debug|Any CPU
		{AA98F428-AF23-4A3B-BD10-00FDF3637116}.Debug|Any CPU.Build.0 = Debug|Any CPU
		{AA98F428-AF23-4A3B-BD10-00FDF3637116}.Release|Any CPU.ActiveCfg = Release|Any CPU
		{AA98F428-AF23-4A3B-BD10-00FDF3637116}.Release|Any CPU.Build.0 = Release|Any CPU
		{A02C5344-CF02-46CC-8F0D-5ECFDB7FDC48}.Debug|Any CPU.ActiveCfg = Debug|Any CPU
		{A02C5344-CF02-46CC-8F0D-5ECFDB7FDC48}.Debug|Any CPU.Build.0 = Debug|Any CPU
		{A02C5344-CF02-46CC-8F0D-5ECFDB7FDC48}.Release|Any CPU.ActiveCfg = Release|Any CPU
		{A02C5344-CF02-46CC-8F0D-5ECFDB7FDC48}.Release|Any CPU.Build.0 = Release|Any CPU
		{BBFE352D-20C5-4CDF-91D4-AE8B6058409E}.Debug|Any CPU.ActiveCfg = Debug|Any CPU
		{BBFE352D-20C5-4CDF-91D4-AE8B6058409E}.Debug|Any CPU.Build.0 = Debug|Any CPU
		{BBFE352D-20C5-4CDF-91D4-AE8B6058409E}.Release|Any CPU.ActiveCfg = Release|Any CPU
		{BBFE352D-20C5-4CDF-91D4-AE8B6058409E}.Release|Any CPU.Build.0 = Release|Any CPU
		{EAFA3185-23A5-4D35-B8EB-7AD85095E911}.Debug|Any CPU.ActiveCfg = Debug|Any CPU
		{EAFA3185-23A5-4D35-B8EB-7AD85095E911}.Debug|Any CPU.Build.0 = Debug|Any CPU
		{EAFA3185-23A5-4D35-B8EB-7AD85095E911}.Release|Any CPU.ActiveCfg = Release|Any CPU
		{EAFA3185-23A5-4D35-B8EB-7AD85095E911}.Release|Any CPU.Build.0 = Release|Any CPU
		{B90A069D-E1FE-42CD-9D70-B6F708482AF4}.Debug|Any CPU.ActiveCfg = Debug|Any CPU
		{B90A069D-E1FE-42CD-9D70-B6F708482AF4}.Debug|Any CPU.Build.0 = Debug|Any CPU
		{B90A069D-E1FE-42CD-9D70-B6F708482AF4}.Release|Any CPU.ActiveCfg = Release|Any CPU
		{B90A069D-E1FE-42CD-9D70-B6F708482AF4}.Release|Any CPU.Build.0 = Release|Any CPU
		{D4183ADB-D263-4191-9E6B-C4465FA43419}.Debug|Any CPU.ActiveCfg = Debug|Any CPU
		{D4183ADB-D263-4191-9E6B-C4465FA43419}.Debug|Any CPU.Build.0 = Debug|Any CPU
		{D4183ADB-D263-4191-9E6B-C4465FA43419}.Release|Any CPU.ActiveCfg = Release|Any CPU
		{D4183ADB-D263-4191-9E6B-C4465FA43419}.Release|Any CPU.Build.0 = Release|Any CPU
		{9D0B110B-4041-4C33-8D74-1942144C27CD}.Debug|Any CPU.ActiveCfg = Debug|Any CPU
		{9D0B110B-4041-4C33-8D74-1942144C27CD}.Debug|Any CPU.Build.0 = Debug|Any CPU
		{9D0B110B-4041-4C33-8D74-1942144C27CD}.Release|Any CPU.ActiveCfg = Release|Any CPU
		{9D0B110B-4041-4C33-8D74-1942144C27CD}.Release|Any CPU.Build.0 = Release|Any CPU
		{0146BD3C-3E82-4F38-85B7-FD0B4290C939}.Debug|Any CPU.ActiveCfg = Debug|Any CPU
		{0146BD3C-3E82-4F38-85B7-FD0B4290C939}.Debug|Any CPU.Build.0 = Debug|Any CPU
		{0146BD3C-3E82-4F38-85B7-FD0B4290C939}.Release|Any CPU.ActiveCfg = Release|Any CPU
		{0146BD3C-3E82-4F38-85B7-FD0B4290C939}.Release|Any CPU.Build.0 = Release|Any CPU
	EndGlobalSection
	GlobalSection(SolutionProperties) = preSolution
		HideSolutionNode = FALSE
	EndGlobalSection
EndGlobal
