
Microsoft Visual Studio Solution File, Format Version 12.00
# Visual Studio 14
VisualStudioVersion = 14.0.24720.0
MinimumVisualStudioVersion = 10.0.40219.1
Project("{FAE04EC0-301F-11D3-BF4B-00C04F79EFBC}") = "01.01 Compound Interestt", "01. Compound Interestt\01.01 Compound Interestt.csproj", "{C572C530-A31A-4705-8115-28C6A0059D3C}"
EndProject
Project("{FAE04EC0-301F-11D3-BF4B-00C04F79EFBC}") = "01.00 Compound Interest", "01.00 Compound Interest\01.00 Compound Interest.csproj", "{AF8DE45F-1830-44E3-83D9-ED37B4383B34}"
EndProject
Project("{FAE04EC0-301F-11D3-BF4B-00C04F79EFBC}") = "02. Petar's Game", "02. Petar's Game\02. Petar's Game.csproj", "{96E28B05-3386-4E35-B17B-8AB1C30CCDA8}"
EndProject
Project("{FAE04EC0-301F-11D3-BF4B-00C04F79EFBC}") = "03.00 Sunlight", "03.Sunlight\03.00 Sunlight.csproj", "{8043BA93-1FB8-4D0C-938D-72CDD1A7796B}"
EndProject
Project("{FAE04EC0-301F-11D3-BF4B-00C04F79EFBC}") = "03.01 Sunlight", "03.01 Sunlight\03.01 Sunlight.csproj", "{CBAA4BD9-E6BB-475A-B9ED-C71E61A5CF6D}"
EndProject
Project("{FAE04EC0-301F-11D3-BF4B-00C04F79EFBC}") = "04.00  Encrypt the Messages", "04.00  Encrypt the Messages\04.00  Encrypt the Messages.csproj", "{6A33A895-E512-4813-B4F5-0680945398BF}"
EndProject
Global
	GlobalSection(SolutionConfigurationPlatforms) = preSolution
		Debug|Any CPU = Debug|Any CPU
		Release|Any CPU = Release|Any CPU
	EndGlobalSection
	GlobalSection(ProjectConfigurationPlatforms) = postSolution
		{C572C530-A31A-4705-8115-28C6A0059D3C}.Debug|Any CPU.ActiveCfg = Debug|Any CPU
		{C572C530-A31A-4705-8115-28C6A0059D3C}.Debug|Any CPU.Build.0 = Debug|Any CPU
		{C572C530-A31A-4705-8115-28C6A0059D3C}.Release|Any CPU.ActiveCfg = Release|Any CPU
		{C572C530-A31A-4705-8115-28C6A0059D3C}.Release|Any CPU.Build.0 = Release|Any CPU
		{AF8DE45F-1830-44E3-83D9-ED37B4383B34}.Debug|Any CPU.ActiveCfg = Debug|Any CPU
		{AF8DE45F-1830-44E3-83D9-ED37B4383B34}.Debug|Any CPU.Build.0 = Debug|Any CPU
		{AF8DE45F-1830-44E3-83D9-ED37B4383B34}.Release|Any CPU.ActiveCfg = Release|Any CPU
		{AF8DE45F-1830-44E3-83D9-ED37B4383B34}.Release|Any CPU.Build.0 = Release|Any CPU
		{96E28B05-3386-4E35-B17B-8AB1C30CCDA8}.Debug|Any CPU.ActiveCfg = Debug|Any CPU
		{96E28B05-3386-4E35-B17B-8AB1C30CCDA8}.Debug|Any CPU.Build.0 = Debug|Any CPU
		{96E28B05-3386-4E35-B17B-8AB1C30CCDA8}.Release|Any CPU.ActiveCfg = Release|Any CPU
		{96E28B05-3386-4E35-B17B-8AB1C30CCDA8}.Release|Any CPU.Build.0 = Release|Any CPU
		{8043BA93-1FB8-4D0C-938D-72CDD1A7796B}.Debug|Any CPU.ActiveCfg = Debug|Any CPU
		{8043BA93-1FB8-4D0C-938D-72CDD1A7796B}.Debug|Any CPU.Build.0 = Debug|Any CPU
		{8043BA93-1FB8-4D0C-938D-72CDD1A7796B}.Release|Any CPU.ActiveCfg = Release|Any CPU
		{8043BA93-1FB8-4D0C-938D-72CDD1A7796B}.Release|Any CPU.Build.0 = Release|Any CPU
		{CBAA4BD9-E6BB-475A-B9ED-C71E61A5CF6D}.Debug|Any CPU.ActiveCfg = Debug|Any CPU
		{CBAA4BD9-E6BB-475A-B9ED-C71E61A5CF6D}.Debug|Any CPU.Build.0 = Debug|Any CPU
		{CBAA4BD9-E6BB-475A-B9ED-C71E61A5CF6D}.Release|Any CPU.ActiveCfg = Release|Any CPU
		{CBAA4BD9-E6BB-475A-B9ED-C71E61A5CF6D}.Release|Any CPU.Build.0 = Release|Any CPU
		{6A33A895-E512-4813-B4F5-0680945398BF}.Debug|Any CPU.ActiveCfg = Debug|Any CPU
		{6A33A895-E512-4813-B4F5-0680945398BF}.Debug|Any CPU.Build.0 = Debug|Any CPU
		{6A33A895-E512-4813-B4F5-0680945398BF}.Release|Any CPU.ActiveCfg = Release|Any CPU
		{6A33A895-E512-4813-B4F5-0680945398BF}.Release|Any CPU.Build.0 = Release|Any CPU
	EndGlobalSection
	GlobalSection(SolutionProperties) = preSolution
		HideSolutionNode = FALSE
	EndGlobalSection
EndGlobal
