
Microsoft Visual Studio Solution File, Format Version 12.00
# Visual Studio 15
VisualStudioVersion = 15.0.28010.2019
MinimumVisualStudioVersion = 10.0.40219.1
Project("{FAE04EC0-301F-11D3-BF4B-00C04F79EFBC}") = "01.00 Shopping Time", "01.00 Shopping Time\01.00 Shopping Time.csproj", "{DD2A9299-52BF-4BA2-9EFD-054D709455F5}"
EndProject
Project("{FAE04EC0-301F-11D3-BF4B-00C04F79EFBC}") = "02.00 Going Home", "02.00 Going Home\02.00 Going Home.csproj", "{88EEE839-1160-4165-BCDB-8718A2636A35}"
EndProject
Project("{FAE04EC0-301F-11D3-BF4B-00C04F79EFBC}") = "03.00 Computer Room", "03.00 Computer Room\03.00 Computer Room.csproj", "{218170BE-7B56-4E60-B9C3-37F1979F6E5F}"
EndProject
Project("{FAE04EC0-301F-11D3-BF4B-00C04F79EFBC}") = "03.01 Computer Room", "03.01 Computer Room\03.01 Computer Room.csproj", "{669AD980-ECDB-4DEA-A2DF-748FF66E1062}"
EndProject
Project("{FAE04EC0-301F-11D3-BF4B-00C04F79EFBC}") = "04.00 Own Bussiness", "04.00 Own Bussiness\04.00 Own Bussiness.csproj", "{45716AD4-09D4-48F1-AD1D-E93163770018}"
EndProject
Project("{FAE04EC0-301F-11D3-BF4B-00C04F79EFBC}") = "05.00 Computer Firm", "05.00 Computer Firm\05.00 Computer Firm.csproj", "{222350C4-2415-4908-83E8-E68C7DF98ECA}"
EndProject
Project("{FAE04EC0-301F-11D3-BF4B-00C04F79EFBC}") = "06.00 Unique PIN Codes", "06.00 Unique PIN Codes\06.00 Unique PIN Codes.csproj", "{142F103F-A394-456E-84C6-13AB20F83012}"
EndProject
Global
	GlobalSection(SolutionConfigurationPlatforms) = preSolution
		Debug|Any CPU = Debug|Any CPU
		Release|Any CPU = Release|Any CPU
	EndGlobalSection
	GlobalSection(ProjectConfigurationPlatforms) = postSolution
		{DD2A9299-52BF-4BA2-9EFD-054D709455F5}.Debug|Any CPU.ActiveCfg = Debug|Any CPU
		{DD2A9299-52BF-4BA2-9EFD-054D709455F5}.Debug|Any CPU.Build.0 = Debug|Any CPU
		{DD2A9299-52BF-4BA2-9EFD-054D709455F5}.Release|Any CPU.ActiveCfg = Release|Any CPU
		{DD2A9299-52BF-4BA2-9EFD-054D709455F5}.Release|Any CPU.Build.0 = Release|Any CPU
		{88EEE839-1160-4165-BCDB-8718A2636A35}.Debug|Any CPU.ActiveCfg = Debug|Any CPU
		{88EEE839-1160-4165-BCDB-8718A2636A35}.Debug|Any CPU.Build.0 = Debug|Any CPU
		{88EEE839-1160-4165-BCDB-8718A2636A35}.Release|Any CPU.ActiveCfg = Release|Any CPU
		{88EEE839-1160-4165-BCDB-8718A2636A35}.Release|Any CPU.Build.0 = Release|Any CPU
		{218170BE-7B56-4E60-B9C3-37F1979F6E5F}.Debug|Any CPU.ActiveCfg = Debug|Any CPU
		{218170BE-7B56-4E60-B9C3-37F1979F6E5F}.Debug|Any CPU.Build.0 = Debug|Any CPU
		{218170BE-7B56-4E60-B9C3-37F1979F6E5F}.Release|Any CPU.ActiveCfg = Release|Any CPU
		{218170BE-7B56-4E60-B9C3-37F1979F6E5F}.Release|Any CPU.Build.0 = Release|Any CPU
		{669AD980-ECDB-4DEA-A2DF-748FF66E1062}.Debug|Any CPU.ActiveCfg = Debug|Any CPU
		{669AD980-ECDB-4DEA-A2DF-748FF66E1062}.Debug|Any CPU.Build.0 = Debug|Any CPU
		{669AD980-ECDB-4DEA-A2DF-748FF66E1062}.Release|Any CPU.ActiveCfg = Release|Any CPU
		{669AD980-ECDB-4DEA-A2DF-748FF66E1062}.Release|Any CPU.Build.0 = Release|Any CPU
		{45716AD4-09D4-48F1-AD1D-E93163770018}.Debug|Any CPU.ActiveCfg = Debug|Any CPU
		{45716AD4-09D4-48F1-AD1D-E93163770018}.Debug|Any CPU.Build.0 = Debug|Any CPU
		{45716AD4-09D4-48F1-AD1D-E93163770018}.Release|Any CPU.ActiveCfg = Release|Any CPU
		{45716AD4-09D4-48F1-AD1D-E93163770018}.Release|Any CPU.Build.0 = Release|Any CPU
		{222350C4-2415-4908-83E8-E68C7DF98ECA}.Debug|Any CPU.ActiveCfg = Debug|Any CPU
		{222350C4-2415-4908-83E8-E68C7DF98ECA}.Debug|Any CPU.Build.0 = Debug|Any CPU
		{222350C4-2415-4908-83E8-E68C7DF98ECA}.Release|Any CPU.ActiveCfg = Release|Any CPU
		{222350C4-2415-4908-83E8-E68C7DF98ECA}.Release|Any CPU.Build.0 = Release|Any CPU
		{142F103F-A394-456E-84C6-13AB20F83012}.Debug|Any CPU.ActiveCfg = Debug|Any CPU
		{142F103F-A394-456E-84C6-13AB20F83012}.Debug|Any CPU.Build.0 = Debug|Any CPU
		{142F103F-A394-456E-84C6-13AB20F83012}.Release|Any CPU.ActiveCfg = Release|Any CPU
		{142F103F-A394-456E-84C6-13AB20F83012}.Release|Any CPU.Build.0 = Release|Any CPU
	EndGlobalSection
	GlobalSection(SolutionProperties) = preSolution
		HideSolutionNode = FALSE
	EndGlobalSection
	GlobalSection(ExtensibilityGlobals) = postSolution
		SolutionGuid = {A5E5BECC-7B49-4B17-B8CE-38E1134F58C9}
	EndGlobalSection
EndGlobal
