
Microsoft Visual Studio Solution File, Format Version 12.00
# Visual Studio 14
VisualStudioVersion = 14.0.24720.0
MinimumVisualStudioVersion = 10.0.40219.1
Project("{FAE04EC0-301F-11D3-BF4B-00C04F79EFBC}") = "01.00 Fruit Market", "Basics Exam 14 April 2014 Morning\01.00 Fruit Market.csproj", "{D36D089E-D115-4D7E-8DCC-FC7BB6BA5E5F}"
EndProject
Project("{FAE04EC0-301F-11D3-BF4B-00C04F79EFBC}") = "03.00 Wine Glass", "03.000 Wine Glass\03.00 Wine Glass.csproj", "{39F819EE-A25F-4281-A3AF-8583E74BD22A}"
EndProject
Project("{FAE04EC0-301F-11D3-BF4B-00C04F79EFBC}") = "03.01 Wine Glass", "03.01 Wine Glass\03.01 Wine Glass.csproj", "{7D9C0DBC-1989-4FF6-85D6-EB0ECAE675D7}"
EndProject
Project("{FAE04EC0-301F-11D3-BF4B-00C04F79EFBC}") = "03.02 Wine Glass", "03.02 Wine Glass\03.02 Wine Glass.csproj", "{CE6E8E3C-09D2-4CB6-9075-CFEDC1C53AEA}"
EndProject
Project("{FAE04EC0-301F-11D3-BF4B-00C04F79EFBC}") = "03.03 Wine Glass", "03.03 Wine Glass\03.03 Wine Glass.csproj", "{685A25D4-D5D8-47E0-95F3-83E08860C1EC}"
EndProject
Project("{FAE04EC0-301F-11D3-BF4B-00C04F79EFBC}") = "01.01 Fruit Market", "01.01 Fruit Market\01.01 Fruit Market.csproj", "{8F6C8FEE-1232-4928-B38D-A6FE77F3A1B1}"
EndProject
Project("{FAE04EC0-301F-11D3-BF4B-00C04F79EFBC}") = "03.04 Wine Glass", "03.04 Wine Glass\03.04 Wine Glass.csproj", "{6466EC34-AEF8-4656-8E25-E1F7C1DBF324}"
EndProject
Project("{FAE04EC0-301F-11D3-BF4B-00C04F79EFBC}") = "01.02 FruitMarket", "01.02 FruitMarket\01.02 FruitMarket.csproj", "{B67B1E72-065C-4568-86A8-53EA6FB28D62}"
EndProject
Project("{FAE04EC0-301F-11D3-BF4B-00C04F79EFBC}") = "02.00  Biggest Triple", "02.00  Biggest Triple\02.00  Biggest Triple.csproj", "{318B9EC9-0073-492B-9438-CF7B79470D27}"
EndProject
Project("{FAE04EC0-301F-11D3-BF4B-00C04F79EFBC}") = "02.01  Biggest Triple", "02.01  Biggest Triple\02.01  Biggest Triple.csproj", "{8827288B-EB8D-4C8C-AD62-1B89375945AB}"
EndProject
Project("{FAE04EC0-301F-11D3-BF4B-00C04F79EFBC}") = "04.00 Longest Alphabetical Word", "04.00 Longest Alphabetical Word\04.00 Longest Alphabetical Word.csproj", "{A1D7206B-82EB-4EBF-8750-2E3684F91074}"
EndProject
Project("{FAE04EC0-301F-11D3-BF4B-00C04F79EFBC}") = "04.01 Longest Alphabetical Word", "04.01 Longest Alphabetical Word\04.01 Longest Alphabetical Word.csproj", "{1D5E89D4-DD62-44C6-A9AA-B41B0BA968B7}"
EndProject
Project("{FAE04EC0-301F-11D3-BF4B-00C04F79EFBC}") = "05.00  Bit Shooter", "05.00  Bit Shooter\05.00  Bit Shooter.csproj", "{9B50F49D-BA9E-4E9E-8D05-4A29DBB32B4E}"
EndProject
Project("{FAE04EC0-301F-11D3-BF4B-00C04F79EFBC}") = "05.01  Bit Shooter", "05.01  Bit Shooter\05.01  Bit Shooter.csproj", "{29E1EFA3-EB47-4190-A910-A52BEB886727}"
EndProject
Global
	GlobalSection(SolutionConfigurationPlatforms) = preSolution
		Debug|Any CPU = Debug|Any CPU
		Release|Any CPU = Release|Any CPU
	EndGlobalSection
	GlobalSection(ProjectConfigurationPlatforms) = postSolution
		{D36D089E-D115-4D7E-8DCC-FC7BB6BA5E5F}.Debug|Any CPU.ActiveCfg = Debug|Any CPU
		{D36D089E-D115-4D7E-8DCC-FC7BB6BA5E5F}.Debug|Any CPU.Build.0 = Debug|Any CPU
		{D36D089E-D115-4D7E-8DCC-FC7BB6BA5E5F}.Release|Any CPU.ActiveCfg = Release|Any CPU
		{D36D089E-D115-4D7E-8DCC-FC7BB6BA5E5F}.Release|Any CPU.Build.0 = Release|Any CPU
		{39F819EE-A25F-4281-A3AF-8583E74BD22A}.Debug|Any CPU.ActiveCfg = Debug|Any CPU
		{39F819EE-A25F-4281-A3AF-8583E74BD22A}.Debug|Any CPU.Build.0 = Debug|Any CPU
		{39F819EE-A25F-4281-A3AF-8583E74BD22A}.Release|Any CPU.ActiveCfg = Release|Any CPU
		{39F819EE-A25F-4281-A3AF-8583E74BD22A}.Release|Any CPU.Build.0 = Release|Any CPU
		{7D9C0DBC-1989-4FF6-85D6-EB0ECAE675D7}.Debug|Any CPU.ActiveCfg = Debug|Any CPU
		{7D9C0DBC-1989-4FF6-85D6-EB0ECAE675D7}.Debug|Any CPU.Build.0 = Debug|Any CPU
		{7D9C0DBC-1989-4FF6-85D6-EB0ECAE675D7}.Release|Any CPU.ActiveCfg = Release|Any CPU
		{7D9C0DBC-1989-4FF6-85D6-EB0ECAE675D7}.Release|Any CPU.Build.0 = Release|Any CPU
		{CE6E8E3C-09D2-4CB6-9075-CFEDC1C53AEA}.Debug|Any CPU.ActiveCfg = Debug|Any CPU
		{CE6E8E3C-09D2-4CB6-9075-CFEDC1C53AEA}.Debug|Any CPU.Build.0 = Debug|Any CPU
		{CE6E8E3C-09D2-4CB6-9075-CFEDC1C53AEA}.Release|Any CPU.ActiveCfg = Release|Any CPU
		{CE6E8E3C-09D2-4CB6-9075-CFEDC1C53AEA}.Release|Any CPU.Build.0 = Release|Any CPU
		{685A25D4-D5D8-47E0-95F3-83E08860C1EC}.Debug|Any CPU.ActiveCfg = Debug|Any CPU
		{685A25D4-D5D8-47E0-95F3-83E08860C1EC}.Debug|Any CPU.Build.0 = Debug|Any CPU
		{685A25D4-D5D8-47E0-95F3-83E08860C1EC}.Release|Any CPU.ActiveCfg = Release|Any CPU
		{685A25D4-D5D8-47E0-95F3-83E08860C1EC}.Release|Any CPU.Build.0 = Release|Any CPU
		{8F6C8FEE-1232-4928-B38D-A6FE77F3A1B1}.Debug|Any CPU.ActiveCfg = Debug|Any CPU
		{8F6C8FEE-1232-4928-B38D-A6FE77F3A1B1}.Debug|Any CPU.Build.0 = Debug|Any CPU
		{8F6C8FEE-1232-4928-B38D-A6FE77F3A1B1}.Release|Any CPU.ActiveCfg = Release|Any CPU
		{8F6C8FEE-1232-4928-B38D-A6FE77F3A1B1}.Release|Any CPU.Build.0 = Release|Any CPU
		{6466EC34-AEF8-4656-8E25-E1F7C1DBF324}.Debug|Any CPU.ActiveCfg = Debug|Any CPU
		{6466EC34-AEF8-4656-8E25-E1F7C1DBF324}.Debug|Any CPU.Build.0 = Debug|Any CPU
		{6466EC34-AEF8-4656-8E25-E1F7C1DBF324}.Release|Any CPU.ActiveCfg = Release|Any CPU
		{6466EC34-AEF8-4656-8E25-E1F7C1DBF324}.Release|Any CPU.Build.0 = Release|Any CPU
		{B67B1E72-065C-4568-86A8-53EA6FB28D62}.Debug|Any CPU.ActiveCfg = Debug|Any CPU
		{B67B1E72-065C-4568-86A8-53EA6FB28D62}.Debug|Any CPU.Build.0 = Debug|Any CPU
		{B67B1E72-065C-4568-86A8-53EA6FB28D62}.Release|Any CPU.ActiveCfg = Release|Any CPU
		{B67B1E72-065C-4568-86A8-53EA6FB28D62}.Release|Any CPU.Build.0 = Release|Any CPU
		{318B9EC9-0073-492B-9438-CF7B79470D27}.Debug|Any CPU.ActiveCfg = Debug|Any CPU
		{318B9EC9-0073-492B-9438-CF7B79470D27}.Debug|Any CPU.Build.0 = Debug|Any CPU
		{318B9EC9-0073-492B-9438-CF7B79470D27}.Release|Any CPU.ActiveCfg = Release|Any CPU
		{318B9EC9-0073-492B-9438-CF7B79470D27}.Release|Any CPU.Build.0 = Release|Any CPU
		{8827288B-EB8D-4C8C-AD62-1B89375945AB}.Debug|Any CPU.ActiveCfg = Debug|Any CPU
		{8827288B-EB8D-4C8C-AD62-1B89375945AB}.Debug|Any CPU.Build.0 = Debug|Any CPU
		{8827288B-EB8D-4C8C-AD62-1B89375945AB}.Release|Any CPU.ActiveCfg = Release|Any CPU
		{8827288B-EB8D-4C8C-AD62-1B89375945AB}.Release|Any CPU.Build.0 = Release|Any CPU
		{A1D7206B-82EB-4EBF-8750-2E3684F91074}.Debug|Any CPU.ActiveCfg = Debug|Any CPU
		{A1D7206B-82EB-4EBF-8750-2E3684F91074}.Debug|Any CPU.Build.0 = Debug|Any CPU
		{A1D7206B-82EB-4EBF-8750-2E3684F91074}.Release|Any CPU.ActiveCfg = Release|Any CPU
		{A1D7206B-82EB-4EBF-8750-2E3684F91074}.Release|Any CPU.Build.0 = Release|Any CPU
		{1D5E89D4-DD62-44C6-A9AA-B41B0BA968B7}.Debug|Any CPU.ActiveCfg = Debug|Any CPU
		{1D5E89D4-DD62-44C6-A9AA-B41B0BA968B7}.Debug|Any CPU.Build.0 = Debug|Any CPU
		{1D5E89D4-DD62-44C6-A9AA-B41B0BA968B7}.Release|Any CPU.ActiveCfg = Release|Any CPU
		{1D5E89D4-DD62-44C6-A9AA-B41B0BA968B7}.Release|Any CPU.Build.0 = Release|Any CPU
		{9B50F49D-BA9E-4E9E-8D05-4A29DBB32B4E}.Debug|Any CPU.ActiveCfg = Debug|Any CPU
		{9B50F49D-BA9E-4E9E-8D05-4A29DBB32B4E}.Debug|Any CPU.Build.0 = Debug|Any CPU
		{9B50F49D-BA9E-4E9E-8D05-4A29DBB32B4E}.Release|Any CPU.ActiveCfg = Release|Any CPU
		{9B50F49D-BA9E-4E9E-8D05-4A29DBB32B4E}.Release|Any CPU.Build.0 = Release|Any CPU
		{29E1EFA3-EB47-4190-A910-A52BEB886727}.Debug|Any CPU.ActiveCfg = Debug|Any CPU
		{29E1EFA3-EB47-4190-A910-A52BEB886727}.Debug|Any CPU.Build.0 = Debug|Any CPU
		{29E1EFA3-EB47-4190-A910-A52BEB886727}.Release|Any CPU.ActiveCfg = Release|Any CPU
		{29E1EFA3-EB47-4190-A910-A52BEB886727}.Release|Any CPU.Build.0 = Release|Any CPU
	EndGlobalSection
	GlobalSection(SolutionProperties) = preSolution
		HideSolutionNode = FALSE
	EndGlobalSection
EndGlobal
