
Microsoft Visual Studio Solution File, Format Version 12.00
# Visual Studio 14
VisualStudioVersion = 14.0.24720.0
MinimumVisualStudioVersion = 10.0.40219.1
Project("{FAE04EC0-301F-11D3-BF4B-00C04F79EFBC}") = "02.00 Odd or Even Counter", "02.00 Odd or Even Counter\02.00 Odd or Even Counter.csproj", "{374209F4-43B1-4FF3-9B47-EF863633394E}"
EndProject
Project("{FAE04EC0-301F-11D3-BF4B-00C04F79EFBC}") = "01.01 Budget", "01.01 Budget\01.01 Budget.csproj", "{3D51B83E-1642-491D-BEBE-17F14E2B39B0}"
EndProject
Project("{FAE04EC0-301F-11D3-BF4B-00C04F79EFBC}") = "02.01 Odd or Even Counter", "02.01 Odd or Even Counter\02.01 Odd or Even Counter.csproj", "{9F0E0CFA-1810-4822-9E4A-58FA4404816B}"
EndProject
Project("{FAE04EC0-301F-11D3-BF4B-00C04F79EFBC}") = "03.01 Plane", "03.01 Plane\03.01 Plane.csproj", "{F37C5002-994E-4856-9EAF-81F73497FDDC}"
EndProject
Project("{FAE04EC0-301F-11D3-BF4B-00C04F79EFBC}") = "03.02 Plane", "03.02  Plane\03.02 Plane.csproj", "{87EFD920-4D11-497C-A7F4-68F7253BFDFE}"
EndProject
Project("{FAE04EC0-301F-11D3-BF4B-00C04F79EFBC}") = "03.03  Plane", "03.03  Plane\03.03  Plane.csproj", "{400383AA-E4A8-499F-BE8C-7979317A40EC}"
EndProject
Project("{FAE04EC0-301F-11D3-BF4B-00C04F79EFBC}") = "04.00  Weird Combinations", "04.00  Weird Combinations\04.00  Weird Combinations.csproj", "{80B18B2B-5672-4E6A-BC86-9E22767C0BF8}"
EndProject
Project("{FAE04EC0-301F-11D3-BF4B-00C04F79EFBC}") = "04.01  Weird Combinations", "04.01  Weird Combinations\04.01  Weird Combinations.csproj", "{BB3EBC5B-A347-46A1-9143-ECAD549AE7CC}"
EndProject
Project("{FAE04EC0-301F-11D3-BF4B-00C04F79EFBC}") = "05.01  Bit Swapper", "05.01  Bit Swapper\05.01  Bit Swapper.csproj", "{96E30B07-8095-461F-B429-10D1FCECAEE3}"
EndProject
Project("{FAE04EC0-301F-11D3-BF4B-00C04F79EFBC}") = "01.03 Budget", "01.03 Budget\01.03 Budget.csproj", "{512C561C-C233-4B00-98E4-3A4F236A9BDF}"
EndProject
Project("{FAE04EC0-301F-11D3-BF4B-00C04F79EFBC}") = "03.004 Plane", "03.04 Plane\03.004 Plane.csproj", "{70472F12-6674-482A-ADC4-1C35F8049062}"
EndProject
Project("{FAE04EC0-301F-11D3-BF4B-00C04F79EFBC}") = "05.02  Bit Swapper", "05.02  Bit Swapper\05.02  Bit Swapper.csproj", "{95D515FD-1FBC-4164-B601-F103BCB39E21}"
EndProject
Global
	GlobalSection(SolutionConfigurationPlatforms) = preSolution
		Debug|Any CPU = Debug|Any CPU
		Release|Any CPU = Release|Any CPU
	EndGlobalSection
	GlobalSection(ProjectConfigurationPlatforms) = postSolution
		{374209F4-43B1-4FF3-9B47-EF863633394E}.Debug|Any CPU.ActiveCfg = Debug|Any CPU
		{374209F4-43B1-4FF3-9B47-EF863633394E}.Debug|Any CPU.Build.0 = Debug|Any CPU
		{374209F4-43B1-4FF3-9B47-EF863633394E}.Release|Any CPU.ActiveCfg = Release|Any CPU
		{374209F4-43B1-4FF3-9B47-EF863633394E}.Release|Any CPU.Build.0 = Release|Any CPU
		{3D51B83E-1642-491D-BEBE-17F14E2B39B0}.Debug|Any CPU.ActiveCfg = Debug|Any CPU
		{3D51B83E-1642-491D-BEBE-17F14E2B39B0}.Debug|Any CPU.Build.0 = Debug|Any CPU
		{3D51B83E-1642-491D-BEBE-17F14E2B39B0}.Release|Any CPU.ActiveCfg = Release|Any CPU
		{3D51B83E-1642-491D-BEBE-17F14E2B39B0}.Release|Any CPU.Build.0 = Release|Any CPU
		{9F0E0CFA-1810-4822-9E4A-58FA4404816B}.Debug|Any CPU.ActiveCfg = Debug|Any CPU
		{9F0E0CFA-1810-4822-9E4A-58FA4404816B}.Debug|Any CPU.Build.0 = Debug|Any CPU
		{9F0E0CFA-1810-4822-9E4A-58FA4404816B}.Release|Any CPU.ActiveCfg = Release|Any CPU
		{9F0E0CFA-1810-4822-9E4A-58FA4404816B}.Release|Any CPU.Build.0 = Release|Any CPU
		{F37C5002-994E-4856-9EAF-81F73497FDDC}.Debug|Any CPU.ActiveCfg = Debug|Any CPU
		{F37C5002-994E-4856-9EAF-81F73497FDDC}.Debug|Any CPU.Build.0 = Debug|Any CPU
		{F37C5002-994E-4856-9EAF-81F73497FDDC}.Release|Any CPU.ActiveCfg = Release|Any CPU
		{F37C5002-994E-4856-9EAF-81F73497FDDC}.Release|Any CPU.Build.0 = Release|Any CPU
		{87EFD920-4D11-497C-A7F4-68F7253BFDFE}.Debug|Any CPU.ActiveCfg = Debug|Any CPU
		{87EFD920-4D11-497C-A7F4-68F7253BFDFE}.Debug|Any CPU.Build.0 = Debug|Any CPU
		{87EFD920-4D11-497C-A7F4-68F7253BFDFE}.Release|Any CPU.ActiveCfg = Release|Any CPU
		{87EFD920-4D11-497C-A7F4-68F7253BFDFE}.Release|Any CPU.Build.0 = Release|Any CPU
		{400383AA-E4A8-499F-BE8C-7979317A40EC}.Debug|Any CPU.ActiveCfg = Debug|Any CPU
		{400383AA-E4A8-499F-BE8C-7979317A40EC}.Debug|Any CPU.Build.0 = Debug|Any CPU
		{400383AA-E4A8-499F-BE8C-7979317A40EC}.Release|Any CPU.ActiveCfg = Release|Any CPU
		{400383AA-E4A8-499F-BE8C-7979317A40EC}.Release|Any CPU.Build.0 = Release|Any CPU
		{80B18B2B-5672-4E6A-BC86-9E22767C0BF8}.Debug|Any CPU.ActiveCfg = Debug|Any CPU
		{80B18B2B-5672-4E6A-BC86-9E22767C0BF8}.Debug|Any CPU.Build.0 = Debug|Any CPU
		{80B18B2B-5672-4E6A-BC86-9E22767C0BF8}.Release|Any CPU.ActiveCfg = Release|Any CPU
		{80B18B2B-5672-4E6A-BC86-9E22767C0BF8}.Release|Any CPU.Build.0 = Release|Any CPU
		{BB3EBC5B-A347-46A1-9143-ECAD549AE7CC}.Debug|Any CPU.ActiveCfg = Debug|Any CPU
		{BB3EBC5B-A347-46A1-9143-ECAD549AE7CC}.Debug|Any CPU.Build.0 = Debug|Any CPU
		{BB3EBC5B-A347-46A1-9143-ECAD549AE7CC}.Release|Any CPU.ActiveCfg = Release|Any CPU
		{BB3EBC5B-A347-46A1-9143-ECAD549AE7CC}.Release|Any CPU.Build.0 = Release|Any CPU
		{96E30B07-8095-461F-B429-10D1FCECAEE3}.Debug|Any CPU.ActiveCfg = Debug|Any CPU
		{96E30B07-8095-461F-B429-10D1FCECAEE3}.Debug|Any CPU.Build.0 = Debug|Any CPU
		{96E30B07-8095-461F-B429-10D1FCECAEE3}.Release|Any CPU.ActiveCfg = Release|Any CPU
		{96E30B07-8095-461F-B429-10D1FCECAEE3}.Release|Any CPU.Build.0 = Release|Any CPU
		{512C561C-C233-4B00-98E4-3A4F236A9BDF}.Debug|Any CPU.ActiveCfg = Debug|Any CPU
		{512C561C-C233-4B00-98E4-3A4F236A9BDF}.Debug|Any CPU.Build.0 = Debug|Any CPU
		{512C561C-C233-4B00-98E4-3A4F236A9BDF}.Release|Any CPU.ActiveCfg = Release|Any CPU
		{512C561C-C233-4B00-98E4-3A4F236A9BDF}.Release|Any CPU.Build.0 = Release|Any CPU
		{70472F12-6674-482A-ADC4-1C35F8049062}.Debug|Any CPU.ActiveCfg = Debug|Any CPU
		{70472F12-6674-482A-ADC4-1C35F8049062}.Debug|Any CPU.Build.0 = Debug|Any CPU
		{70472F12-6674-482A-ADC4-1C35F8049062}.Release|Any CPU.ActiveCfg = Release|Any CPU
		{70472F12-6674-482A-ADC4-1C35F8049062}.Release|Any CPU.Build.0 = Release|Any CPU
		{95D515FD-1FBC-4164-B601-F103BCB39E21}.Debug|Any CPU.ActiveCfg = Debug|Any CPU
		{95D515FD-1FBC-4164-B601-F103BCB39E21}.Debug|Any CPU.Build.0 = Debug|Any CPU
		{95D515FD-1FBC-4164-B601-F103BCB39E21}.Release|Any CPU.ActiveCfg = Release|Any CPU
		{95D515FD-1FBC-4164-B601-F103BCB39E21}.Release|Any CPU.Build.0 = Release|Any CPU
	EndGlobalSection
	GlobalSection(SolutionProperties) = preSolution
		HideSolutionNode = FALSE
	EndGlobalSection
EndGlobal
