
Microsoft Visual Studio Solution File, Format Version 12.00
# Visual Studio 14
VisualStudioVersion = 14.0.24720.0
MinimumVisualStudioVersion = 10.0.40219.1
Project("{FAE04EC0-301F-11D3-BF4B-00C04F79EFBC}") = "01. Bai Ivan Adventures", "01. Bai Ivan Adventures\01. Bai Ivan Adventures.csproj", "{C7C00436-1F79-461C-B12E-A86E82D53310}"
EndProject
Project("{FAE04EC0-301F-11D3-BF4B-00C04F79EFBC}") = "02.Drunk Ani", "02.Drunk Ani\02.Drunk Ani.csproj", "{E1509AC5-1639-41C1-966A-7C03E5B0489B}"
EndProject
Project("{FAE04EC0-301F-11D3-BF4B-00C04F79EFBC}") = "03.Christmass Tree", "03.Christmass Tree\03.Christmass Tree.csproj", "{D94DDCF5-9F1E-4B19-9883-A6C8BF6DD1FB}"
EndProject
Global
	GlobalSection(SolutionConfigurationPlatforms) = preSolution
		Debug|Any CPU = Debug|Any CPU
		Release|Any CPU = Release|Any CPU
	EndGlobalSection
	GlobalSection(ProjectConfigurationPlatforms) = postSolution
		{C7C00436-1F79-461C-B12E-A86E82D53310}.Debug|Any CPU.ActiveCfg = Debug|Any CPU
		{C7C00436-1F79-461C-B12E-A86E82D53310}.Debug|Any CPU.Build.0 = Debug|Any CPU
		{C7C00436-1F79-461C-B12E-A86E82D53310}.Release|Any CPU.ActiveCfg = Release|Any CPU
		{C7C00436-1F79-461C-B12E-A86E82D53310}.Release|Any CPU.Build.0 = Release|Any CPU
		{E1509AC5-1639-41C1-966A-7C03E5B0489B}.Debug|Any CPU.ActiveCfg = Debug|Any CPU
		{E1509AC5-1639-41C1-966A-7C03E5B0489B}.Debug|Any CPU.Build.0 = Debug|Any CPU
		{E1509AC5-1639-41C1-966A-7C03E5B0489B}.Release|Any CPU.ActiveCfg = Release|Any CPU
		{E1509AC5-1639-41C1-966A-7C03E5B0489B}.Release|Any CPU.Build.0 = Release|Any CPU
		{D94DDCF5-9F1E-4B19-9883-A6C8BF6DD1FB}.Debug|Any CPU.ActiveCfg = Debug|Any CPU
		{D94DDCF5-9F1E-4B19-9883-A6C8BF6DD1FB}.Debug|Any CPU.Build.0 = Debug|Any CPU
		{D94DDCF5-9F1E-4B19-9883-A6C8BF6DD1FB}.Release|Any CPU.ActiveCfg = Release|Any CPU
		{D94DDCF5-9F1E-4B19-9883-A6C8BF6DD1FB}.Release|Any CPU.Build.0 = Release|Any CPU
	EndGlobalSection
	GlobalSection(SolutionProperties) = preSolution
		HideSolutionNode = FALSE
	EndGlobalSection
EndGlobal
