
Microsoft Visual Studio Solution File, Format Version 12.00
# Visual Studio 14
VisualStudioVersion = 14.0.24720.0
MinimumVisualStudioVersion = 10.0.40219.1
Project("{FAE04EC0-301F-11D3-BF4B-00C04F79EFBC}") = "01.00 Work Hours", "Basics Exam 11 April 2014 Morning\01.00 Work Hours.csproj", "{9FAB1FED-2903-4475-B413-078DB597605E}"
EndProject
Project("{FAE04EC0-301F-11D3-BF4B-00C04F79EFBC}") = "02.01 Sum Of Elements", "02.00  Sum Of Elements\02.01 Sum Of Elements.csproj", "{453017CF-03A4-4689-994B-44AA7CE05EB7}"
EndProject
Project("{FAE04EC0-301F-11D3-BF4B-00C04F79EFBC}") = "02.00 Sum Of Elements", "02.01  Sum Of Elements\02.00 Sum Of Elements.csproj", "{734F3B73-2A2F-4D1F-8F94-36A83D0F28EA}"
EndProject
Project("{FAE04EC0-301F-11D3-BF4B-00C04F79EFBC}") = "03.01 The Explorer", "03.01 The Explorer\03.01 The Explorer.csproj", "{2EDD8869-4D20-497A-95D8-8FC6912149CF}"
EndProject
Project("{FAE04EC0-301F-11D3-BF4B-00C04F79EFBC}") = "03.00 The Explorer", "03.00 The Explorer\03.00 The Explorer.csproj", "{F3EB0AC5-1AA9-4A4C-A38B-9516202FA7A6}"
EndProject
Project("{FAE04EC0-301F-11D3-BF4B-00C04F79EFBC}") = "04.01 Magic Strings", "04.01 Magic Strings\04.01 Magic Strings.csproj", "{81832F7A-5718-406D-9694-55191A6D389F}"
EndProject
Project("{FAE04EC0-301F-11D3-BF4B-00C04F79EFBC}") = "03.02 The Explorer", "03.02 The Explorer\03.02 The Explorer.csproj", "{E7AF910A-A3DF-45A1-9DA8-0AA1DBB5E573}"
EndProject
Project("{FAE04EC0-301F-11D3-BF4B-00C04F79EFBC}") = "04.00 Magic Strings", "04.00 Magic Strings\04.00 Magic Strings.csproj", "{DADE79AB-666F-4515-9430-E3DFF6C74CDC}"
EndProject
Project("{FAE04EC0-301F-11D3-BF4B-00C04F79EFBC}") = "04.02 Magic Strings", "04.02 Magic Strings\04.02 Magic Strings.csproj", "{763571B2-300A-4CB4-9A3B-041F851F91D2}"
EndProject
Project("{FAE04EC0-301F-11D3-BF4B-00C04F79EFBC}") = "04.03 Magic Strings", "04.03  Magic Strings\04.03 Magic Strings.csproj", "{4BE2B473-F2F5-4B71-9DA6-9E568706EEAE}"
EndProject
Project("{FAE04EC0-301F-11D3-BF4B-00C04F79EFBC}") = "05.00 Bit Sifting", "05.00 Bit Sifting\05.00 Bit Sifting.csproj", "{CCDC8FE3-046D-4638-800A-F74B3852B1C8}"
EndProject
Project("{FAE04EC0-301F-11D3-BF4B-00C04F79EFBC}") = "05.01 Bit Sifting", "05.01 Bit Sifting\05.01 Bit Sifting.csproj", "{0D5F5415-F91B-403A-B871-A5EA9CACE462}"
EndProject
Project("{FAE04EC0-301F-11D3-BF4B-00C04F79EFBC}") = "02.02 Sum Of Elements", "02.02  Sum Of Elements\02.02 Sum Of Elements.csproj", "{3EFB12BD-E2C7-465B-BA04-C31A717E0B08}"
EndProject
Project("{FAE04EC0-301F-11D3-BF4B-00C04F79EFBC}") = "01.02  Work Hours", "01.02  Work Hours\01.02  Work Hours.csproj", "{5F9140E2-7944-4C03-A330-40350EE30B03}"
EndProject
Global
	GlobalSection(SolutionConfigurationPlatforms) = preSolution
		Debug|Any CPU = Debug|Any CPU
		Release|Any CPU = Release|Any CPU
	EndGlobalSection
	GlobalSection(ProjectConfigurationPlatforms) = postSolution
		{9FAB1FED-2903-4475-B413-078DB597605E}.Debug|Any CPU.ActiveCfg = Debug|Any CPU
		{9FAB1FED-2903-4475-B413-078DB597605E}.Debug|Any CPU.Build.0 = Debug|Any CPU
		{9FAB1FED-2903-4475-B413-078DB597605E}.Release|Any CPU.ActiveCfg = Release|Any CPU
		{9FAB1FED-2903-4475-B413-078DB597605E}.Release|Any CPU.Build.0 = Release|Any CPU
		{453017CF-03A4-4689-994B-44AA7CE05EB7}.Debug|Any CPU.ActiveCfg = Debug|Any CPU
		{453017CF-03A4-4689-994B-44AA7CE05EB7}.Debug|Any CPU.Build.0 = Debug|Any CPU
		{453017CF-03A4-4689-994B-44AA7CE05EB7}.Release|Any CPU.ActiveCfg = Release|Any CPU
		{453017CF-03A4-4689-994B-44AA7CE05EB7}.Release|Any CPU.Build.0 = Release|Any CPU
		{734F3B73-2A2F-4D1F-8F94-36A83D0F28EA}.Debug|Any CPU.ActiveCfg = Debug|Any CPU
		{734F3B73-2A2F-4D1F-8F94-36A83D0F28EA}.Debug|Any CPU.Build.0 = Debug|Any CPU
		{734F3B73-2A2F-4D1F-8F94-36A83D0F28EA}.Release|Any CPU.ActiveCfg = Release|Any CPU
		{734F3B73-2A2F-4D1F-8F94-36A83D0F28EA}.Release|Any CPU.Build.0 = Release|Any CPU
		{2EDD8869-4D20-497A-95D8-8FC6912149CF}.Debug|Any CPU.ActiveCfg = Debug|Any CPU
		{2EDD8869-4D20-497A-95D8-8FC6912149CF}.Debug|Any CPU.Build.0 = Debug|Any CPU
		{2EDD8869-4D20-497A-95D8-8FC6912149CF}.Release|Any CPU.ActiveCfg = Release|Any CPU
		{2EDD8869-4D20-497A-95D8-8FC6912149CF}.Release|Any CPU.Build.0 = Release|Any CPU
		{F3EB0AC5-1AA9-4A4C-A38B-9516202FA7A6}.Debug|Any CPU.ActiveCfg = Debug|Any CPU
		{F3EB0AC5-1AA9-4A4C-A38B-9516202FA7A6}.Debug|Any CPU.Build.0 = Debug|Any CPU
		{F3EB0AC5-1AA9-4A4C-A38B-9516202FA7A6}.Release|Any CPU.ActiveCfg = Release|Any CPU
		{F3EB0AC5-1AA9-4A4C-A38B-9516202FA7A6}.Release|Any CPU.Build.0 = Release|Any CPU
		{81832F7A-5718-406D-9694-55191A6D389F}.Debug|Any CPU.ActiveCfg = Debug|Any CPU
		{81832F7A-5718-406D-9694-55191A6D389F}.Debug|Any CPU.Build.0 = Debug|Any CPU
		{81832F7A-5718-406D-9694-55191A6D389F}.Release|Any CPU.ActiveCfg = Release|Any CPU
		{81832F7A-5718-406D-9694-55191A6D389F}.Release|Any CPU.Build.0 = Release|Any CPU
		{E7AF910A-A3DF-45A1-9DA8-0AA1DBB5E573}.Debug|Any CPU.ActiveCfg = Debug|Any CPU
		{E7AF910A-A3DF-45A1-9DA8-0AA1DBB5E573}.Debug|Any CPU.Build.0 = Debug|Any CPU
		{E7AF910A-A3DF-45A1-9DA8-0AA1DBB5E573}.Release|Any CPU.ActiveCfg = Release|Any CPU
		{E7AF910A-A3DF-45A1-9DA8-0AA1DBB5E573}.Release|Any CPU.Build.0 = Release|Any CPU
		{DADE79AB-666F-4515-9430-E3DFF6C74CDC}.Debug|Any CPU.ActiveCfg = Debug|Any CPU
		{DADE79AB-666F-4515-9430-E3DFF6C74CDC}.Debug|Any CPU.Build.0 = Debug|Any CPU
		{DADE79AB-666F-4515-9430-E3DFF6C74CDC}.Release|Any CPU.ActiveCfg = Release|Any CPU
		{DADE79AB-666F-4515-9430-E3DFF6C74CDC}.Release|Any CPU.Build.0 = Release|Any CPU
		{763571B2-300A-4CB4-9A3B-041F851F91D2}.Debug|Any CPU.ActiveCfg = Debug|Any CPU
		{763571B2-300A-4CB4-9A3B-041F851F91D2}.Debug|Any CPU.Build.0 = Debug|Any CPU
		{763571B2-300A-4CB4-9A3B-041F851F91D2}.Release|Any CPU.ActiveCfg = Release|Any CPU
		{763571B2-300A-4CB4-9A3B-041F851F91D2}.Release|Any CPU.Build.0 = Release|Any CPU
		{4BE2B473-F2F5-4B71-9DA6-9E568706EEAE}.Debug|Any CPU.ActiveCfg = Debug|Any CPU
		{4BE2B473-F2F5-4B71-9DA6-9E568706EEAE}.Debug|Any CPU.Build.0 = Debug|Any CPU
		{4BE2B473-F2F5-4B71-9DA6-9E568706EEAE}.Release|Any CPU.ActiveCfg = Release|Any CPU
		{4BE2B473-F2F5-4B71-9DA6-9E568706EEAE}.Release|Any CPU.Build.0 = Release|Any CPU
		{CCDC8FE3-046D-4638-800A-F74B3852B1C8}.Debug|Any CPU.ActiveCfg = Debug|Any CPU
		{CCDC8FE3-046D-4638-800A-F74B3852B1C8}.Debug|Any CPU.Build.0 = Debug|Any CPU
		{CCDC8FE3-046D-4638-800A-F74B3852B1C8}.Release|Any CPU.ActiveCfg = Release|Any CPU
		{CCDC8FE3-046D-4638-800A-F74B3852B1C8}.Release|Any CPU.Build.0 = Release|Any CPU
		{0D5F5415-F91B-403A-B871-A5EA9CACE462}.Debug|Any CPU.ActiveCfg = Debug|Any CPU
		{0D5F5415-F91B-403A-B871-A5EA9CACE462}.Debug|Any CPU.Build.0 = Debug|Any CPU
		{0D5F5415-F91B-403A-B871-A5EA9CACE462}.Release|Any CPU.ActiveCfg = Release|Any CPU
		{0D5F5415-F91B-403A-B871-A5EA9CACE462}.Release|Any CPU.Build.0 = Release|Any CPU
		{3EFB12BD-E2C7-465B-BA04-C31A717E0B08}.Debug|Any CPU.ActiveCfg = Debug|Any CPU
		{3EFB12BD-E2C7-465B-BA04-C31A717E0B08}.Debug|Any CPU.Build.0 = Debug|Any CPU
		{3EFB12BD-E2C7-465B-BA04-C31A717E0B08}.Release|Any CPU.ActiveCfg = Release|Any CPU
		{3EFB12BD-E2C7-465B-BA04-C31A717E0B08}.Release|Any CPU.Build.0 = Release|Any CPU
		{5F9140E2-7944-4C03-A330-40350EE30B03}.Debug|Any CPU.ActiveCfg = Debug|Any CPU
		{5F9140E2-7944-4C03-A330-40350EE30B03}.Debug|Any CPU.Build.0 = Debug|Any CPU
		{5F9140E2-7944-4C03-A330-40350EE30B03}.Release|Any CPU.ActiveCfg = Release|Any CPU
		{5F9140E2-7944-4C03-A330-40350EE30B03}.Release|Any CPU.Build.0 = Release|Any CPU
	EndGlobalSection
	GlobalSection(SolutionProperties) = preSolution
		HideSolutionNode = FALSE
	EndGlobalSection
EndGlobal
