
Microsoft Visual Studio Solution File, Format Version 12.00
# Visual Studio 14
VisualStudioVersion = 14.0.24720.0
MinimumVisualStudioVersion = 10.0.40219.1
Project("{FAE04EC0-301F-11D3-BF4B-00C04F79EFBC}") = "01.00  Nacepin", "01.00  Nacepin\01.00  Nacepin.csproj", "{D882DA8A-52D6-4490-AE3D-4F1A655CBC66}"
EndProject
Project("{FAE04EC0-301F-11D3-BF4B-00C04F79EFBC}") = "03.00  Dress Pattern", "03.00  Dress Pattern\03.00  Dress Pattern.csproj", "{834251CA-DC49-4732-B325-E32D85EC856E}"
EndProject
Project("{FAE04EC0-301F-11D3-BF4B-00C04F79EFBC}") = "02.00  Hogwarts Sorting", "02.00  Hogwarts Sorting\02.00  Hogwarts Sorting.csproj", "{81530740-9871-45ED-BCB6-8F202BA8C534}"
EndProject
Project("{FAE04EC0-301F-11D3-BF4B-00C04F79EFBC}") = "05.00 Wave Bits", "05.00 Wave Bits\05.00 Wave Bits.csproj", "{13E21066-5CAD-47C5-9F13-79CBF69AA348}"
EndProject
Project("{FAE04EC0-301F-11D3-BF4B-00C04F79EFBC}") = "04.03 Vehicle Park", "04.03 Vehicle Park\04.03 Vehicle Park.csproj", "{96F2545E-0284-4067-B0FE-763A265F80E3}"
EndProject
Project("{FAE04EC0-301F-11D3-BF4B-00C04F79EFBC}") = "04.04 Vehicle Park", "04.04 Vehicle Park\04.04 Vehicle Park.csproj", "{4E59FA07-14DA-445D-AC4D-F16B445210D8}"
EndProject
Project("{FAE04EC0-301F-11D3-BF4B-00C04F79EFBC}") = "04.05 Vehicle Park", "04.05 Vehicle Park\04.05 Vehicle Park.csproj", "{4E184243-4F6B-4344-9506-962C2FD7B573}"
EndProject
Project("{FAE04EC0-301F-11D3-BF4B-00C04F79EFBC}") = "05.01 Wave Bits", "05.01 Wave Bits\05.01 Wave Bits.csproj", "{63810859-D080-4F22-84AF-84D50583D8CF}"
EndProject
Project("{FAE04EC0-301F-11D3-BF4B-00C04F79EFBC}") = "03.01  Dress Pattern", "03.01  Dress Pattern\03.01  Dress Pattern.csproj", "{FC5FD7B7-C58A-42D9-92CF-3998E5933B83}"
EndProject
Global
	GlobalSection(SolutionConfigurationPlatforms) = preSolution
		Debug|Any CPU = Debug|Any CPU
		Release|Any CPU = Release|Any CPU
	EndGlobalSection
	GlobalSection(ProjectConfigurationPlatforms) = postSolution
		{D882DA8A-52D6-4490-AE3D-4F1A655CBC66}.Debug|Any CPU.ActiveCfg = Debug|Any CPU
		{D882DA8A-52D6-4490-AE3D-4F1A655CBC66}.Debug|Any CPU.Build.0 = Debug|Any CPU
		{D882DA8A-52D6-4490-AE3D-4F1A655CBC66}.Release|Any CPU.ActiveCfg = Release|Any CPU
		{D882DA8A-52D6-4490-AE3D-4F1A655CBC66}.Release|Any CPU.Build.0 = Release|Any CPU
		{834251CA-DC49-4732-B325-E32D85EC856E}.Debug|Any CPU.ActiveCfg = Debug|Any CPU
		{834251CA-DC49-4732-B325-E32D85EC856E}.Debug|Any CPU.Build.0 = Debug|Any CPU
		{834251CA-DC49-4732-B325-E32D85EC856E}.Release|Any CPU.ActiveCfg = Release|Any CPU
		{834251CA-DC49-4732-B325-E32D85EC856E}.Release|Any CPU.Build.0 = Release|Any CPU
		{81530740-9871-45ED-BCB6-8F202BA8C534}.Debug|Any CPU.ActiveCfg = Debug|Any CPU
		{81530740-9871-45ED-BCB6-8F202BA8C534}.Debug|Any CPU.Build.0 = Debug|Any CPU
		{81530740-9871-45ED-BCB6-8F202BA8C534}.Release|Any CPU.ActiveCfg = Release|Any CPU
		{81530740-9871-45ED-BCB6-8F202BA8C534}.Release|Any CPU.Build.0 = Release|Any CPU
		{13E21066-5CAD-47C5-9F13-79CBF69AA348}.Debug|Any CPU.ActiveCfg = Debug|Any CPU
		{13E21066-5CAD-47C5-9F13-79CBF69AA348}.Debug|Any CPU.Build.0 = Debug|Any CPU
		{13E21066-5CAD-47C5-9F13-79CBF69AA348}.Release|Any CPU.ActiveCfg = Release|Any CPU
		{13E21066-5CAD-47C5-9F13-79CBF69AA348}.Release|Any CPU.Build.0 = Release|Any CPU
		{96F2545E-0284-4067-B0FE-763A265F80E3}.Debug|Any CPU.ActiveCfg = Debug|Any CPU
		{96F2545E-0284-4067-B0FE-763A265F80E3}.Debug|Any CPU.Build.0 = Debug|Any CPU
		{96F2545E-0284-4067-B0FE-763A265F80E3}.Release|Any CPU.ActiveCfg = Release|Any CPU
		{96F2545E-0284-4067-B0FE-763A265F80E3}.Release|Any CPU.Build.0 = Release|Any CPU
		{4E59FA07-14DA-445D-AC4D-F16B445210D8}.Debug|Any CPU.ActiveCfg = Debug|Any CPU
		{4E59FA07-14DA-445D-AC4D-F16B445210D8}.Debug|Any CPU.Build.0 = Debug|Any CPU
		{4E59FA07-14DA-445D-AC4D-F16B445210D8}.Release|Any CPU.ActiveCfg = Release|Any CPU
		{4E59FA07-14DA-445D-AC4D-F16B445210D8}.Release|Any CPU.Build.0 = Release|Any CPU
		{4E184243-4F6B-4344-9506-962C2FD7B573}.Debug|Any CPU.ActiveCfg = Debug|Any CPU
		{4E184243-4F6B-4344-9506-962C2FD7B573}.Debug|Any CPU.Build.0 = Debug|Any CPU
		{4E184243-4F6B-4344-9506-962C2FD7B573}.Release|Any CPU.ActiveCfg = Release|Any CPU
		{4E184243-4F6B-4344-9506-962C2FD7B573}.Release|Any CPU.Build.0 = Release|Any CPU
		{63810859-D080-4F22-84AF-84D50583D8CF}.Debug|Any CPU.ActiveCfg = Debug|Any CPU
		{63810859-D080-4F22-84AF-84D50583D8CF}.Debug|Any CPU.Build.0 = Debug|Any CPU
		{63810859-D080-4F22-84AF-84D50583D8CF}.Release|Any CPU.ActiveCfg = Release|Any CPU
		{63810859-D080-4F22-84AF-84D50583D8CF}.Release|Any CPU.Build.0 = Release|Any CPU
		{FC5FD7B7-C58A-42D9-92CF-3998E5933B83}.Debug|Any CPU.ActiveCfg = Debug|Any CPU
		{FC5FD7B7-C58A-42D9-92CF-3998E5933B83}.Debug|Any CPU.Build.0 = Debug|Any CPU
		{FC5FD7B7-C58A-42D9-92CF-3998E5933B83}.Release|Any CPU.ActiveCfg = Release|Any CPU
		{FC5FD7B7-C58A-42D9-92CF-3998E5933B83}.Release|Any CPU.Build.0 = Release|Any CPU
	EndGlobalSection
	GlobalSection(SolutionProperties) = preSolution
		HideSolutionNode = FALSE
	EndGlobalSection
EndGlobal
