
Microsoft Visual Studio Solution File, Format Version 12.00
# Visual Studio 14
VisualStudioVersion = 14.0.24720.0
MinimumVisualStudioVersion = 10.0.40219.1
Project("{FAE04EC0-301F-11D3-BF4B-00C04F79EFBC}") = "01.00  Sweet Dessert", "01.00  Sweet Dessert\01.00  Sweet Dessert.csproj", "{E1E4B84D-3837-4D21-BD6F-A0938023D31A}"
EndProject
Project("{FAE04EC0-301F-11D3-BF4B-00C04F79EFBC}") = "02.00  Game of Names", "02.00  Game of Names\02.00  Game of Names.csproj", "{57A47CC5-38D3-40B6-9C38-20D718BAC9F7}"
EndProject
Project("{FAE04EC0-301F-11D3-BF4B-00C04F79EFBC}") = "03.00 Strawberry", "03.00 Strawberry\03.00 Strawberry.csproj", "{08C19A2C-0E63-49C4-860B-95FE7B7C49F6}"
EndProject
Project("{FAE04EC0-301F-11D3-BF4B-00C04F79EFBC}") = "03.01 Strawberry", "03.01 Strawberry\03.01 Strawberry.csproj", "{09B53436-4713-4010-B2A4-8923A6B54544}"
EndProject
Project("{FAE04EC0-301F-11D3-BF4B-00C04F79EFBC}") = "04.00 Array Modifier", "04.00 Array Modifier\04.00 Array Modifier.csproj", "{9E780BE5-79DA-41B9-A1BE-5E0116A83BA7}"
EndProject
Project("{FAE04EC0-301F-11D3-BF4B-00C04F79EFBC}") = "05.00 Multiply Targeted Cell", "05.00 Multiply Targeted Cell\05.00 Multiply Targeted Cell.csproj", "{E43608CD-28BC-4301-BB96-F9203B7DACB6}"
EndProject
Global
	GlobalSection(SolutionConfigurationPlatforms) = preSolution
		Debug|Any CPU = Debug|Any CPU
		Release|Any CPU = Release|Any CPU
	EndGlobalSection
	GlobalSection(ProjectConfigurationPlatforms) = postSolution
		{E1E4B84D-3837-4D21-BD6F-A0938023D31A}.Debug|Any CPU.ActiveCfg = Debug|Any CPU
		{E1E4B84D-3837-4D21-BD6F-A0938023D31A}.Debug|Any CPU.Build.0 = Debug|Any CPU
		{E1E4B84D-3837-4D21-BD6F-A0938023D31A}.Release|Any CPU.ActiveCfg = Release|Any CPU
		{E1E4B84D-3837-4D21-BD6F-A0938023D31A}.Release|Any CPU.Build.0 = Release|Any CPU
		{57A47CC5-38D3-40B6-9C38-20D718BAC9F7}.Debug|Any CPU.ActiveCfg = Debug|Any CPU
		{57A47CC5-38D3-40B6-9C38-20D718BAC9F7}.Debug|Any CPU.Build.0 = Debug|Any CPU
		{57A47CC5-38D3-40B6-9C38-20D718BAC9F7}.Release|Any CPU.ActiveCfg = Release|Any CPU
		{57A47CC5-38D3-40B6-9C38-20D718BAC9F7}.Release|Any CPU.Build.0 = Release|Any CPU
		{08C19A2C-0E63-49C4-860B-95FE7B7C49F6}.Debug|Any CPU.ActiveCfg = Debug|Any CPU
		{08C19A2C-0E63-49C4-860B-95FE7B7C49F6}.Debug|Any CPU.Build.0 = Debug|Any CPU
		{08C19A2C-0E63-49C4-860B-95FE7B7C49F6}.Release|Any CPU.ActiveCfg = Release|Any CPU
		{08C19A2C-0E63-49C4-860B-95FE7B7C49F6}.Release|Any CPU.Build.0 = Release|Any CPU
		{09B53436-4713-4010-B2A4-8923A6B54544}.Debug|Any CPU.ActiveCfg = Debug|Any CPU
		{09B53436-4713-4010-B2A4-8923A6B54544}.Debug|Any CPU.Build.0 = Debug|Any CPU
		{09B53436-4713-4010-B2A4-8923A6B54544}.Release|Any CPU.ActiveCfg = Release|Any CPU
		{09B53436-4713-4010-B2A4-8923A6B54544}.Release|Any CPU.Build.0 = Release|Any CPU
		{9E780BE5-79DA-41B9-A1BE-5E0116A83BA7}.Debug|Any CPU.ActiveCfg = Debug|Any CPU
		{9E780BE5-79DA-41B9-A1BE-5E0116A83BA7}.Debug|Any CPU.Build.0 = Debug|Any CPU
		{9E780BE5-79DA-41B9-A1BE-5E0116A83BA7}.Release|Any CPU.ActiveCfg = Release|Any CPU
		{9E780BE5-79DA-41B9-A1BE-5E0116A83BA7}.Release|Any CPU.Build.0 = Release|Any CPU
		{E43608CD-28BC-4301-BB96-F9203B7DACB6}.Debug|Any CPU.ActiveCfg = Debug|Any CPU
		{E43608CD-28BC-4301-BB96-F9203B7DACB6}.Debug|Any CPU.Build.0 = Debug|Any CPU
		{E43608CD-28BC-4301-BB96-F9203B7DACB6}.Release|Any CPU.ActiveCfg = Release|Any CPU
		{E43608CD-28BC-4301-BB96-F9203B7DACB6}.Release|Any CPU.Build.0 = Release|Any CPU
	EndGlobalSection
	GlobalSection(SolutionProperties) = preSolution
		HideSolutionNode = FALSE
	EndGlobalSection
EndGlobal
